
Microsoft Visual Studio Solution File, Format Version 12.00
# Visual Studio Version 16
VisualStudioVersion = 16.0.30523.141
MinimumVisualStudioVersion = 10.0.40219.1
Project("{FAE04EC0-301F-11D3-BF4B-00C04F79EFBC}") = "CoffeeShopSC", "CoffeeShopSC.csproj", "{4634CE7A-1A45-4B69-B293-FA87816CFC6B}"
EndProject
Global
	GlobalSection(SolutionConfigurationPlatforms) = preSolution
		Debug|Any CPU = Debug|Any CPU
		Release|Any CPU = Release|Any CPU
	EndGlobalSection
	GlobalSection(ProjectConfigurationPlatforms) = postSolution
		{4634CE7A-1A45-4B69-B293-FA87816CFC6B}.Debug|Any CPU.ActiveCfg = Debug|Any CPU
		{4634CE7A-1A45-4B69-B293-FA87816CFC6B}.Debug|Any CPU.Build.0 = Debug|Any CPU
		{4634CE7A-1A45-4B69-B293-FA87816CFC6B}.Release|Any CPU.ActiveCfg = Release|Any CPU
		{4634CE7A-1A45-4B69-B293-FA87816CFC6B}.Release|Any CPU.Build.0 = Release|Any CPU
	EndGlobalSection
	GlobalSection(SolutionProperties) = preSolution
		HideSolutionNode = FALSE
	EndGlobalSection
	GlobalSection(ExtensibilityGlobals) = postSolution
		SolutionGuid = {2F795A52-D5B0-46F9-9F9B-7DCBB814BCF8}
	EndGlobalSection
EndGlobal
